
Microsoft Visual Studio Solution File, Format Version 12.00
# Visual Studio 2013
VisualStudioVersion = 12.0.30324.0
MinimumVisualStudioVersion = 10.0.40219.1
Project("{FAE04EC0-301F-11D3-BF4B-00C04F79EFBC}") = "UniversityManagementSystem", "UniversityManagementSystem\UniversityManagementSystem.csproj", "{C244B6F6-B92A-49BD-8908-03782A1115A3}"
EndProject
Global
	GlobalSection(SolutionConfigurationPlatforms) = preSolution
		Debug|Any CPU = Debug|Any CPU
		Release|Any CPU = Release|Any CPU
	EndGlobalSection
	GlobalSection(ProjectConfigurationPlatforms) = postSolution
		{C244B6F6-B92A-49BD-8908-03782A1115A3}.Debug|Any CPU.ActiveCfg = Debug|Any CPU
		{C244B6F6-B92A-49BD-8908-03782A1115A3}.Debug|Any CPU.Build.0 = Debug|Any CPU
		{C244B6F6-B92A-49BD-8908-03782A1115A3}.Release|Any CPU.ActiveCfg = Release|Any CPU
		{C244B6F6-B92A-49BD-8908-03782A1115A3}.Release|Any CPU.Build.0 = Release|Any CPU
	EndGlobalSection
	GlobalSection(SolutionProperties) = preSolution
		HideSolutionNode = FALSE
	EndGlobalSection
EndGlobal
